// !$*UTF8*$!
{
	archiveVersion = 1;
	classes = {
	};
	objectVersion = 46;
	objects = {

/* Begin PBXBuildFile section */
		3342DE621F573B10000126A5 /* AppDelegate.swift in Sources */ = {isa = PBXBuildFile; fileRef = 3342DE611F573B10000126A5 /* AppDelegate.swift */; };
		3342DE641F573B10000126A5 /* ViewController.swift in Sources */ = {isa = PBXBuildFile; fileRef = 3342DE631F573B10000126A5 /* ViewController.swift */; };
		3342DE661F573B10000126A5 /* Assets.xcassets in Resources */ = {isa = PBXBuildFile; fileRef = 3342DE651F573B10000126A5 /* Assets.xcassets */; };
		3342DE691F573B10000126A5 /* Main.storyboard in Resources */ = {isa = PBXBuildFile; fileRef = 3342DE671F573B10000126A5 /* Main.storyboard */; };
		3342DE711F57934F000126A5 /* SVGCanvas.swift in Sources */ = {isa = PBXBuildFile; fileRef = 3342DE701F57934F000126A5 /* SVGCanvas.swift */; };
		3342DE731F57AE9C000126A5 /* SVG.swift in Sources */ = {isa = PBXBuildFile; fileRef = 3342DE721F57AE9C000126A5 /* SVG.swift */; };
		3342DE751F57B6A5000126A5 /* EngraveRobot.swift in Sources */ = {isa = PBXBuildFile; fileRef = 3342DE741F57B6A5000126A5 /* EngraveRobot.swift */; };
		6BAA9F25C4DAE60799972F39 /* Pods_engrave.framework in Frameworks */ = {isa = PBXBuildFile; fileRef = 0FAD22CE303197A947228EAB /* Pods_engrave.framework */; };
/* End PBXBuildFile section */

/* Begin PBXFileReference section */
		0FAD22CE303197A947228EAB /* Pods_engrave.framework */ = {isa = PBXFileReference; explicitFileType = wrapper.framework; includeInIndex = 0; path = Pods_engrave.framework; sourceTree = BUILT_PRODUCTS_DIR; };
		3342DE5E1F573B10000126A5 /* engrave.app */ = {isa = PBXFileReference; explicitFileType = wrapper.application; includeInIndex = 0; path = engrave.app; sourceTree = BUILT_PRODUCTS_DIR; };
		3342DE611F573B10000126A5 /* AppDelegate.swift */ = {isa = PBXFileReference; lastKnownFileType = sourcecode.swift; path = AppDelegate.swift; sourceTree = "<group>"; };
		3342DE631F573B10000126A5 /* ViewController.swift */ = {isa = PBXFileReference; lastKnownFileType = sourcecode.swift; path = ViewController.swift; sourceTree = "<group>"; };
		3342DE651F573B10000126A5 /* Assets.xcassets */ = {isa = PBXFileReference; lastKnownFileType = folder.assetcatalog; path = Assets.xcassets; sourceTree = "<group>"; };
		3342DE681F573B10000126A5 /* Base */ = {isa = PBXFileReference; lastKnownFileType = file.storyboard; name = Base; path = Base.lproj/Main.storyboard; sourceTree = "<group>"; };
		3342DE6A1F573B10000126A5 /* Info.plist */ = {isa = PBXFileReference; lastKnownFileType = text.plist.xml; path = Info.plist; sourceTree = "<group>"; };
		3342DE701F57934F000126A5 /* SVGCanvas.swift */ = {isa = PBXFileReference; fileEncoding = 4; lastKnownFileType = sourcecode.swift; path = SVGCanvas.swift; sourceTree = "<group>"; };
		3342DE721F57AE9C000126A5 /* SVG.swift */ = {isa = PBXFileReference; fileEncoding = 4; lastKnownFileType = sourcecode.swift; path = SVG.swift; sourceTree = "<group>"; };
		3342DE741F57B6A5000126A5 /* EngraveRobot.swift */ = {isa = PBXFileReference; fileEncoding = 4; lastKnownFileType = sourcecode.swift; path = EngraveRobot.swift; sourceTree = "<group>"; };
		833F6B226C548D365EC2BC68 /* Pods-engrave.debug.xcconfig */ = {isa = PBXFileReference; includeInIndex = 1; lastKnownFileType = text.xcconfig; name = "Pods-engrave.debug.xcconfig"; path = "Pods/Target Support Files/Pods-engrave/Pods-engrave.debug.xcconfig"; sourceTree = "<group>"; };
		F13D575E6E984C9DD0EF50F9 /* Pods-engrave.release.xcconfig */ = {isa = PBXFileReference; includeInIndex = 1; lastKnownFileType = text.xcconfig; name = "Pods-engrave.release.xcconfig"; path = "Pods/Target Support Files/Pods-engrave/Pods-engrave.release.xcconfig"; sourceTree = "<group>"; };
/* End PBXFileReference section */

/* Begin PBXFrameworksBuildPhase section */
		3342DE5B1F573B10000126A5 /* Frameworks */ = {
			isa = PBXFrameworksBuildPhase;
			buildActionMask = 2147483647;
			files = (
				6BAA9F25C4DAE60799972F39 /* Pods_engrave.framework in Frameworks */,
			);
			runOnlyForDeploymentPostprocessing = 0;
		};
/* End PBXFrameworksBuildPhase section */

/* Begin PBXGroup section */
		3342DE551F573B10000126A5 = {
			isa = PBXGroup;
			children = (
				3342DE601F573B10000126A5 /* engrave */,
				3342DE5F1F573B10000126A5 /* Products */,
				A678DDB574510FEA3FD51E43 /* Pods */,
				3F33FD50A624FC0BAA06DBD7 /* Frameworks */,
			);
			sourceTree = "<group>";
		};
		3342DE5F1F573B10000126A5 /* Products */ = {
			isa = PBXGroup;
			children = (
				3342DE5E1F573B10000126A5 /* engrave.app */,
			);
			name = Products;
			sourceTree = "<group>";
		};
		3342DE601F573B10000126A5 /* engrave */ = {
			isa = PBXGroup;
			children = (
				3342DE611F573B10000126A5 /* AppDelegate.swift */,
				3342DE631F573B10000126A5 /* ViewController.swift */,
				3342DE721F57AE9C000126A5 /* SVG.swift */,
				3342DE741F57B6A5000126A5 /* EngraveRobot.swift */,
				3342DE701F57934F000126A5 /* SVGCanvas.swift */,
				3342DE651F573B10000126A5 /* Assets.xcassets */,
				3342DE671F573B10000126A5 /* Main.storyboard */,
				3342DE6A1F573B10000126A5 /* Info.plist */,
			);
			path = engrave;
			sourceTree = "<group>";
		};
		3F33FD50A624FC0BAA06DBD7 /* Frameworks */ = {
			isa = PBXGroup;
			children = (
				0FAD22CE303197A947228EAB /* Pods_engrave.framework */,
			);
			name = Frameworks;
			sourceTree = "<group>";
		};
		A678DDB574510FEA3FD51E43 /* Pods */ = {
			isa = PBXGroup;
			children = (
				833F6B226C548D365EC2BC68 /* Pods-engrave.debug.xcconfig */,
				F13D575E6E984C9DD0EF50F9 /* Pods-engrave.release.xcconfig */,
			);
			name = Pods;
			sourceTree = "<group>";
		};
/* End PBXGroup section */

/* Begin PBXNativeTarget section */
		3342DE5D1F573B10000126A5 /* engrave */ = {
			isa = PBXNativeTarget;
			buildConfigurationList = 3342DE6D1F573B10000126A5 /* Build configuration list for PBXNativeTarget "engrave" */;
			buildPhases = (
				31B7E3D6D83B56589AD3C157 /* [CP] Check Pods Manifest.lock */,
				3342DE5A1F573B10000126A5 /* Sources */,
				3342DE5B1F573B10000126A5 /* Frameworks */,
				3342DE5C1F573B10000126A5 /* Resources */,
				1969D21E5E66545126405496 /* [CP] Embed Pods Frameworks */,
				1A30F94FFDBA7E3D3DF9B735 /* [CP] Copy Pods Resources */,
			);
			buildRules = (
			);
			dependencies = (
			);
			name = engrave;
			productName = engrave;
			productReference = 3342DE5E1F573B10000126A5 /* engrave.app */;
			productType = "com.apple.product-type.application";
		};
/* End PBXNativeTarget section */

/* Begin PBXProject section */
		3342DE561F573B10000126A5 /* Project object */ = {
			isa = PBXProject;
			attributes = {
				LastSwiftUpdateCheck = 0830;
				LastUpgradeCheck = 0830;
				ORGANIZATIONNAME = zhangxi;
				TargetAttributes = {
					3342DE5D1F573B10000126A5 = {
						CreatedOnToolsVersion = 8.3.3;
						DevelopmentTeam = 54TGPDSGF2;
						ProvisioningStyle = Automatic;
					};
				};
			};
			buildConfigurationList = 3342DE591F573B10000126A5 /* Build configuration list for PBXProject "engrave" */;
			compatibilityVersion = "Xcode 3.2";
			developmentRegion = English;
			hasScannedForEncodings = 0;
			knownRegions = (
				en,
				Base,
			);
			mainGroup = 3342DE551F573B10000126A5;
			productRefGroup = 3342DE5F1F573B10000126A5 /* Products */;
			projectDirPath = "";
			projectRoot = "";
			targets = (
				3342DE5D1F573B10000126A5 /* engrave */,
			);
		};
/* End PBXProject section */

/* Begin PBXResourcesBuildPhase section */
		3342DE5C1F573B10000126A5 /* Resources */ = {
			isa = PBXResourcesBuildPhase;
			buildActionMask = 2147483647;
			files = (
				3342DE661F573B10000126A5 /* Assets.xcassets in Resources */,
				3342DE691F573B10000126A5 /* Main.storyboard in Resources */,
			);
			runOnlyForDeploymentPostprocessing = 0;
		};
/* End PBXResourcesBuildPhase section */

/* Begin PBXShellScriptBuildPhase section */
		1969D21E5E66545126405496 /* [CP] Embed Pods Frameworks */ = {
			isa = PBXShellScriptBuildPhase;
			buildActionMask = 2147483647;
			files = (
			);
			inputPaths = (
			);
			name = "[CP] Embed Pods Frameworks";
			outputPaths = (
			);
			runOnlyForDeploymentPostprocessing = 0;
			shellPath = /bin/sh;
			shellScript = "\"${SRCROOT}/Pods/Target Support Files/Pods-engrave/Pods-engrave-frameworks.sh\"\n";
			showEnvVarsInLog = 0;
		};
		1A30F94FFDBA7E3D3DF9B735 /* [CP] Copy Pods Resources */ = {
			isa = PBXShellScriptBuildPhase;
			buildActionMask = 2147483647;
			files = (
			);
			inputPaths = (
			);
			name = "[CP] Copy Pods Resources";
			outputPaths = (
			);
			runOnlyForDeploymentPostprocessing = 0;
			shellPath = /bin/sh;
			shellScript = "\"${SRCROOT}/Pods/Target Support Files/Pods-engrave/Pods-engrave-resources.sh\"\n";
			showEnvVarsInLog = 0;
		};
		31B7E3D6D83B56589AD3C157 /* [CP] Check Pods Manifest.lock */ = {
			isa = PBXShellScriptBuildPhase;
			buildActionMask = 2147483647;
			files = (
			);
			inputPaths = (
			);
			name = "[CP] Check Pods Manifest.lock";
			outputPaths = (
			);
			runOnlyForDeploymentPostprocessing = 0;
			shellPath = /bin/sh;
			shellScript = "diff \"${PODS_PODFILE_DIR_PATH}/Podfile.lock\" \"${PODS_ROOT}/Manifest.lock\" > /dev/null\nif [ $? != 0 ] ; then\n    # print error to STDERR\n    echo \"error: The sandbox is not in sync with the Podfile.lock. Run 'pod install' or update your CocoaPods installation.\" >&2\n    exit 1\nfi\n";
			showEnvVarsInLog = 0;
		};
/* End PBXShellScriptBuildPhase section */

/* Begin PBXSourcesBuildPhase section */
		3342DE5A1F573B10000126A5 /* Sources */ = {
			isa = PBXSourcesBuildPhase;
			buildActionMask = 2147483647;
			files = (
				3342DE751F57B6A5000126A5 /* EngraveRobot.swift in Sources */,
				3342DE731F57AE9C000126A5 /* SVG.swift in Sources */,
				3342DE641F573B10000126A5 /* ViewController.swift in Sources */,
				3342DE621F573B10000126A5 /* AppDelegate.swift in Sources */,
				3342DE711F57934F000126A5 /* SVGCanvas.swift in Sources */,
			);
			runOnlyForDeploymentPostprocessing = 0;
		};
/* End PBXSourcesBuildPhase section */

/* Begin PBXVariantGroup section */
		3342DE671F573B10000126A5 /* Main.storyboard */ = {
			isa = PBXVariantGroup;
			children = (
				3342DE681F573B10000126A5 /* Base */,
			);
			name = Main.storyboard;
			sourceTree = "<group>";
		};
/* End PBXVariantGroup section */

/* Begin XCBuildConfiguration section */
		3342DE6B1F573B10000126A5 /* Debug */ = {
			isa = XCBuildConfiguration;
			buildSettings = {
				ALWAYS_SEARCH_USER_PATHS = NO;
				CLANG_ANALYZER_NONNULL = YES;
				CLANG_ANALYZER_NUMBER_OBJECT_CONVERSION = YES_AGGRESSIVE;
				CLANG_CXX_LANGUAGE_STANDARD = "gnu++0x";
				CLANG_CXX_LIBRARY = "libc++";
				CLANG_ENABLE_MODULES = YES;
				CLANG_ENABLE_OBJC_ARC = YES;
				CLANG_WARN_BOOL_CONVERSION = YES;
				CLANG_WARN_CONSTANT_CONVERSION = YES;
				CLANG_WARN_DIRECT_OBJC_ISA_USAGE = YES_ERROR;
				CLANG_WARN_DOCUMENTATION_COMMENTS = YES;
				CLANG_WARN_EMPTY_BODY = YES;
				CLANG_WARN_ENUM_CONVERSION = YES;
				CLANG_WARN_INFINITE_RECURSION = YES;
				CLANG_WARN_INT_CONVERSION = YES;
				CLANG_WARN_OBJC_ROOT_CLASS = YES_ERROR;
				CLANG_WARN_SUSPICIOUS_MOVE = YES;
				CLANG_WARN_UNREACHABLE_CODE = YES;
				CLANG_WARN__DUPLICATE_METHOD_MATCH = YES;
				CODE_SIGN_IDENTITY = "-";
				COPY_PHASE_STRIP = NO;
				DEBUG_INFORMATION_FORMAT = dwarf;
				ENABLE_STRICT_OBJC_MSGSEND = YES;
				ENABLE_TESTABILITY = YES;
				GCC_C_LANGUAGE_STANDARD = gnu99;
				GCC_DYNAMIC_NO_PIC = NO;
				GCC_NO_COMMON_BLOCKS = YES;
				GCC_OPTIMIZATION_LEVEL = 0;
				GCC_PREPROCESSOR_DEFINITIONS = (
					"DEBUG=1",
					"$(inherited)",
				);
				GCC_WARN_64_TO_32_BIT_CONVERSION = YES;
				GCC_WARN_ABOUT_RETURN_TYPE = YES_ERROR;
				GCC_WARN_UNDECLARED_SELECTOR = YES;
				GCC_WARN_UNINITIALIZED_AUTOS = YES_AGGRESSIVE;
				GCC_WARN_UNUSED_FUNCTION = YES;
				GCC_WARN_UNUSED_VARIABLE = YES;
				MACOSX_DEPLOYMENT_TARGET = 10.12;
				MTL_ENABLE_DEBUG_INFO = YES;
				ONLY_ACTIVE_ARCH = YES;
				SDKROOT = macosx;
				SWIFT_ACTIVE_COMPILATION_CONDITIONS = DEBUG;
				SWIFT_OPTIMIZATION_LEVEL = "-Onone";
			};
			name = Debug;
		};
		3342DE6C1F573B10000126A5 /* Release */ = {
			isa = XCBuildConfiguration;
			buildSettings = {
				ALWAYS_SEARCH_USER_PATHS = NO;
				CLANG_ANALYZER_NONNULL = YES;
				CLANG_ANALYZER_NUMBER_OBJECT_CONVERSION = YES_AGGRESSIVE;
				CLANG_CXX_LANGUAGE_STANDARD = "gnu++0x";
				CLANG_CXX_LIBRARY = "libc++";
				CLANG_ENABLE_MODULES = YES;
				CLANG_ENABLE_OBJC_ARC = YES;
				CLANG_WARN_BOOL_CONVERSION = YES;
				CLANG_WARN_CONSTANT_CONVERSION = YES;
				CLANG_WARN_DIRECT_OBJC_ISA_USAGE = YES_ERROR;
				CLANG_WARN_DOCUMENTATION_COMMENTS = YES;
				CLANG_WARN_EMPTY_BODY = YES;
				CLANG_WARN_ENUM_CONVERSION = YES;
				CLANG_WARN_INFINITE_RECURSION = YES;
				CLANG_WARN_INT_CONVERSION = YES;
				CLANG_WARN_OBJC_ROOT_CLASS = YES_ERROR;
				CLANG_WARN_SUSPICIOUS_MOVE = YES;
				CLANG_WARN_UNREACHABLE_CODE = YES;
				CLANG_WARN__DUPLICATE_METHOD_MATCH = YES;
				CODE_SIGN_IDENTITY = "-";
				COPY_PHASE_STRIP = NO;
				DEBUG_INFORMATION_FORMAT = "dwarf-with-dsym";
				ENABLE_NS_ASSERTIONS = NO;
				ENABLE_STRICT_OBJC_MSGSEND = YES;
				GCC_C_LANGUAGE_STANDARD = gnu99;
				GCC_NO_COMMON_BLOCKS = YES;
				GCC_WARN_64_TO_32_BIT_CONVERSION = YES;
				GCC_WARN_ABOUT_RETURN_TYPE = YES_ERROR;
				GCC_WARN_UNDECLARED_SELECTOR = YES;
				GCC_WARN_UNINITIALIZED_AUTOS = YES_AGGRESSIVE;
				GCC_WARN_UNUSED_FUNCTION = YES;
				GCC_WARN_UNUSED_VARIABLE = YES;
				MACOSX_DEPLOYMENT_TARGET = 10.12;
				MTL_ENABLE_DEBUG_INFO = NO;
				SDKROOT = macosx;
				SWIFT_OPTIMIZATION_LEVEL = "-Owholemodule";
			};
			name = Release;
		};
		3342DE6E1F573B10000126A5 /* Debug */ = {
			isa = XCBuildConfiguration;
			baseConfigurationReference = 833F6B226C548D365EC2BC68 /* Pods-engrave.debug.xcconfig */;
			buildSettings = {
				ASSETCATALOG_COMPILER_APPICON_NAME = AppIcon;
				COMBINE_HIDPI_IMAGES = YES;
				DEVELOPMENT_TEAM = 54TGPDSGF2;
				INFOPLIST_FILE = engrave/Info.plist;
				LD_RUNPATH_SEARCH_PATHS = "$(inherited) @executable_path/../Frameworks";
				PRODUCT_BUNDLE_IDENTIFIER = me.zhangxi.engrave;
				PRODUCT_NAME = "$(TARGET_NAME)";
				SWIFT_VERSION = 3.0;
			};
			name = Debug;
		};
		3342DE6F1F573B10000126A5 /* Release */ = {
			isa = XCBuildConfiguration;
			baseConfigurationReference = F13D575E6E984C9DD0EF50F9 /* Pods-engrave.release.xcconfig */;
			buildSettings = {
				ASSETCATALOG_COMPILER_APPICON_NAME = AppIcon;
				COMBINE_HIDPI_IMAGES = YES;
				DEVELOPMENT_TEAM = 54TGPDSGF2;
				INFOPLIST_FILE = engrave/Info.plist;
				LD_RUNPATH_SEARCH_PATHS = "$(inherited) @executable_path/../Frameworks";
				PRODUCT_BUNDLE_IDENTIFIER = me.zhangxi.engrave;
				PRODUCT_NAME = "$(TARGET_NAME)";
				SWIFT_VERSION = 3.0;
			};
			name = Release;
		};
/* End XCBuildConfiguration section */

/* Begin XCConfigurationList section */
		3342DE591F573B10000126A5 /* Build configuration list for PBXProject "engrave" */ = {
			isa = XCConfigurationList;
			buildConfigurations = (
				3342DE6B1F573B10000126A5 /* Debug */,
				3342DE6C1F573B10000126A5 /* Release */,
			);
			defaultConfigurationIsVisible = 0;
			defaultConfigurationName = Release;
		};
		3342DE6D1F573B10000126A5 /* Build configuration list for PBXNativeTarget "engrave" */ = {
			isa = XCConfigurationList;
			buildConfigurations = (
				3342DE6E1F573B10000126A5 /* Debug */,
				3342DE6F1F573B10000126A5 /* Release */,
			);
			defaultConfigurationIsVisible = 0;
			defaultConfigurationName = Release;
		};
/* End XCConfigurationList section */
	};
	rootObject = 3342DE561F573B10000126A5 /* Project object */;
}
